
Microsoft Visual Studio Solution File, Format Version 12.00
# Visual Studio Version 17
VisualStudioVersion = 17.1.32421.90
MinimumVisualStudioVersion = 10.0.40219.1
Project("{FAE04EC0-301F-11D3-BF4B-00C04F79EFBC}") = "BinaryTree", "BinaryTree.csproj", "{CF5C03FF-45B4-417B-8091-10C85D946C22}"
EndProject
Global
	GlobalSection(SolutionConfigurationPlatforms) = preSolution
		Debug|Any CPU = Debug|Any CPU
		Release|Any CPU = Release|Any CPU
	EndGlobalSection
	GlobalSection(ProjectConfigurationPlatforms) = postSolution
		{CF5C03FF-45B4-417B-8091-10C85D946C22}.Debug|Any CPU.ActiveCfg = Debug|Any CPU
		{CF5C03FF-45B4-417B-8091-10C85D946C22}.Debug|Any CPU.Build.0 = Debug|Any CPU
		{CF5C03FF-45B4-417B-8091-10C85D946C22}.Release|Any CPU.ActiveCfg = Release|Any CPU
		{CF5C03FF-45B4-417B-8091-10C85D946C22}.Release|Any CPU.Build.0 = Release|Any CPU
	EndGlobalSection
	GlobalSection(SolutionProperties) = preSolution
		HideSolutionNode = FALSE
	EndGlobalSection
	GlobalSection(ExtensibilityGlobals) = postSolution
		SolutionGuid = {B02DFE5F-A9E5-4C58-8045-6077BBC3660E}
	EndGlobalSection
EndGlobal
